
Microsoft Visual Studio Solution File, Format Version 12.00
# Visual Studio Version 17
VisualStudioVersion = 17.13.35931.197 d17.13
MinimumVisualStudioVersion = 10.0.40219.1
Project("{FAE04EC0-301F-11D3-BF4B-00C04F79EFBC}") = "AppCalculadorImposto", "AppCalculadorImposto\AppCalculadorImposto.csproj", "{733A3A93-05FE-406B-BB40-F0AD2018624C}"
EndProject
Global
	GlobalSection(SolutionConfigurationPlatforms) = preSolution
		Debug|Any CPU = Debug|Any CPU
		Release|Any CPU = Release|Any CPU
	EndGlobalSection
	GlobalSection(ProjectConfigurationPlatforms) = postSolution
		{733A3A93-05FE-406B-BB40-F0AD2018624C}.Debug|Any CPU.ActiveCfg = Debug|Any CPU
		{733A3A93-05FE-406B-BB40-F0AD2018624C}.Debug|Any CPU.Build.0 = Debug|Any CPU
		{733A3A93-05FE-406B-BB40-F0AD2018624C}.Release|Any CPU.ActiveCfg = Release|Any CPU
		{733A3A93-05FE-406B-BB40-F0AD2018624C}.Release|Any CPU.Build.0 = Release|Any CPU
	EndGlobalSection
	GlobalSection(SolutionProperties) = preSolution
		HideSolutionNode = FALSE
	EndGlobalSection
	GlobalSection(ExtensibilityGlobals) = postSolution
		SolutionGuid = {A0C977B6-497F-426A-BE7F-1BE4A780A8BA}
	EndGlobalSection
EndGlobal
